
Microsoft Visual Studio Solution File, Format Version 12.00
# Visual Studio 15
Project("{FAE04EC0-301F-11D3-BF4B-00C04F79EFBC}") = "DeserterHD", "Assembly-CSharp.csproj", "{453A2C39-E515-8D5F-7700-82A869F63DCF}"
EndProject
Project("{FAE04EC0-301F-11D3-BF4B-00C04F79EFBC}") = "DeserterHD", "Assembly-CSharp-Editor.csproj", "{63D547CD-5B12-5E7D-8F38-B1AE989BFB7D}"
EndProject
Global
	GlobalSection(SolutionConfigurationPlatforms) = preSolution
		Debug|Any CPU = Debug|Any CPU
		Release|Any CPU = Release|Any CPU
	EndGlobalSection
	GlobalSection(ProjectConfigurationPlatforms) = postSolution
		{453A2C39-E515-8D5F-7700-82A869F63DCF}.Debug|Any CPU.ActiveCfg = Debug|Any CPU
		{453A2C39-E515-8D5F-7700-82A869F63DCF}.Debug|Any CPU.Build.0 = Debug|Any CPU
		{453A2C39-E515-8D5F-7700-82A869F63DCF}.Release|Any CPU.ActiveCfg = Release|Any CPU
		{453A2C39-E515-8D5F-7700-82A869F63DCF}.Release|Any CPU.Build.0 = Release|Any CPU
		{63D547CD-5B12-5E7D-8F38-B1AE989BFB7D}.Debug|Any CPU.ActiveCfg = Debug|Any CPU
		{63D547CD-5B12-5E7D-8F38-B1AE989BFB7D}.Debug|Any CPU.Build.0 = Debug|Any CPU
		{63D547CD-5B12-5E7D-8F38-B1AE989BFB7D}.Release|Any CPU.ActiveCfg = Release|Any CPU
		{63D547CD-5B12-5E7D-8F38-B1AE989BFB7D}.Release|Any CPU.Build.0 = Release|Any CPU
	EndGlobalSection
	GlobalSection(SolutionProperties) = preSolution
		HideSolutionNode = FALSE
	EndGlobalSection
EndGlobal
